// !$*UTF8*$!
{
	archiveVersion = 1;
	classes = {
	};
	objectVersion = 50;
	objects = {

/* Begin PBXBuildFile section */
		9C82F1E7264994A1003D4020 /* AppDelegate.swift in Sources */ = {isa = PBXBuildFile; fileRef = 9C82F1E6264994A1003D4020 /* AppDelegate.swift */; };
		9C82F1E9264994A1003D4020 /* SceneDelegate.swift in Sources */ = {isa = PBXBuildFile; fileRef = 9C82F1E8264994A1003D4020 /* SceneDelegate.swift */; };
		9C82F1EB264994A1003D4020 /* ViewController.swift in Sources */ = {isa = PBXBuildFile; fileRef = 9C82F1EA264994A1003D4020 /* ViewController.swift */; };
		9C82F1EE264994A1003D4020 /* Main.storyboard in Resources */ = {isa = PBXBuildFile; fileRef = 9C82F1EC264994A1003D4020 /* Main.storyboard */; };
		9C82F1F0264994A4003D4020 /* Assets.xcassets in Resources */ = {isa = PBXBuildFile; fileRef = 9C82F1EF264994A4003D4020 /* Assets.xcassets */; };
		9C82F1F3264994A4003D4020 /* LaunchScreen.storyboard in Resources */ = {isa = PBXBuildFile; fileRef = 9C82F1F1264994A4003D4020 /* LaunchScreen.storyboard */; };
		9C82F1FE264994A4003D4020 /* CameraAppTests.swift in Sources */ = {isa = PBXBuildFile; fileRef = 9C82F1FD264994A4003D4020 /* CameraAppTests.swift */; };
		9C82F209264994A4003D4020 /* CameraAppUITests.swift in Sources */ = {isa = PBXBuildFile; fileRef = 9C82F208264994A4003D4020 /* CameraAppUITests.swift */; };
/* End PBXBuildFile section */

/* Begin PBXContainerItemProxy section */
		9C82F1FA264994A4003D4020 /* PBXContainerItemProxy */ = {
			isa = PBXContainerItemProxy;
			containerPortal = 9C82F1DB264994A1003D4020 /* Project object */;
			proxyType = 1;
			remoteGlobalIDString = 9C82F1E2264994A1003D4020;
			remoteInfo = CameraApp;
		};
		9C82F205264994A4003D4020 /* PBXContainerItemProxy */ = {
			isa = PBXContainerItemProxy;
			containerPortal = 9C82F1DB264994A1003D4020 /* Project object */;
			proxyType = 1;
			remoteGlobalIDString = 9C82F1E2264994A1003D4020;
			remoteInfo = CameraApp;
		};
/* End PBXContainerItemProxy section */

/* Begin PBXFileReference section */
		9C82F1E3264994A1003D4020 /* CameraApp.app */ = {isa = PBXFileReference; explicitFileType = wrapper.application; includeInIndex = 0; path = CameraApp.app; sourceTree = BUILT_PRODUCTS_DIR; };
		9C82F1E6264994A1003D4020 /* AppDelegate.swift */ = {isa = PBXFileReference; lastKnownFileType = sourcecode.swift; path = AppDelegate.swift; sourceTree = "<group>"; };
		9C82F1E8264994A1003D4020 /* SceneDelegate.swift */ = {isa = PBXFileReference; lastKnownFileType = sourcecode.swift; path = SceneDelegate.swift; sourceTree = "<group>"; };
		9C82F1EA264994A1003D4020 /* ViewController.swift */ = {isa = PBXFileReference; lastKnownFileType = sourcecode.swift; path = ViewController.swift; sourceTree = "<group>"; };
		9C82F1ED264994A1003D4020 /* Base */ = {isa = PBXFileReference; lastKnownFileType = file.storyboard; name = Base; path = Base.lproj/Main.storyboard; sourceTree = "<group>"; };
		9C82F1EF264994A4003D4020 /* Assets.xcassets */ = {isa = PBXFileReference; lastKnownFileType = folder.assetcatalog; path = Assets.xcassets; sourceTree = "<group>"; };
		9C82F1F2264994A4003D4020 /* Base */ = {isa = PBXFileReference; lastKnownFileType = file.storyboard; name = Base; path = Base.lproj/LaunchScreen.storyboard; sourceTree = "<group>"; };
		9C82F1F4264994A4003D4020 /* Info.plist */ = {isa = PBXFileReference; lastKnownFileType = text.plist.xml; path = Info.plist; sourceTree = "<group>"; };
		9C82F1F9264994A4003D4020 /* CameraAppTests.xctest */ = {isa = PBXFileReference; explicitFileType = wrapper.cfbundle; includeInIndex = 0; path = CameraAppTests.xctest; sourceTree = BUILT_PRODUCTS_DIR; };
		9C82F1FD264994A4003D4020 /* CameraAppTests.swift */ = {isa = PBXFileReference; lastKnownFileType = sourcecode.swift; path = CameraAppTests.swift; sourceTree = "<group>"; };
		9C82F1FF264994A4003D4020 /* Info.plist */ = {isa = PBXFileReference; lastKnownFileType = text.plist.xml; path = Info.plist; sourceTree = "<group>"; };
		9C82F204264994A4003D4020 /* CameraAppUITests.xctest */ = {isa = PBXFileReference; explicitFileType = wrapper.cfbundle; includeInIndex = 0; path = CameraAppUITests.xctest; sourceTree = BUILT_PRODUCTS_DIR; };
		9C82F208264994A4003D4020 /* CameraAppUITests.swift */ = {isa = PBXFileReference; lastKnownFileType = sourcecode.swift; path = CameraAppUITests.swift; sourceTree = "<group>"; };
		9C82F20A264994A4003D4020 /* Info.plist */ = {isa = PBXFileReference; lastKnownFileType = text.plist.xml; path = Info.plist; sourceTree = "<group>"; };
/* End PBXFileReference section */

/* Begin PBXFrameworksBuildPhase section */
		9C82F1E0264994A1003D4020 /* Frameworks */ = {
			isa = PBXFrameworksBuildPhase;
			buildActionMask = 2147483647;
			files = (
			);
			runOnlyForDeploymentPostprocessing = 0;
		};
		9C82F1F6264994A4003D4020 /* Frameworks */ = {
			isa = PBXFrameworksBuildPhase;
			buildActionMask = 2147483647;
			files = (
			);
			runOnlyForDeploymentPostprocessing = 0;
		};
		9C82F201264994A4003D4020 /* Frameworks */ = {
			isa = PBXFrameworksBuildPhase;
			buildActionMask = 2147483647;
			files = (
			);
			runOnlyForDeploymentPostprocessing = 0;
		};
/* End PBXFrameworksBuildPhase section */

/* Begin PBXGroup section */
		9C82F1DA264994A1003D4020 = {
			isa = PBXGroup;
			children = (
				9C82F1E5264994A1003D4020 /* CameraApp */,
				9C82F1FC264994A4003D4020 /* CameraAppTests */,
				9C82F207264994A4003D4020 /* CameraAppUITests */,
				9C82F1E4264994A1003D4020 /* Products */,
			);
			sourceTree = "<group>";
		};
		9C82F1E4264994A1003D4020 /* Products */ = {
			isa = PBXGroup;
			children = (
				9C82F1E3264994A1003D4020 /* CameraApp.app */,
				9C82F1F9264994A4003D4020 /* CameraAppTests.xctest */,
				9C82F204264994A4003D4020 /* CameraAppUITests.xctest */,
			);
			name = Products;
			sourceTree = "<group>";
		};
		9C82F1E5264994A1003D4020 /* CameraApp */ = {
			isa = PBXGroup;
			children = (
				9C82F1E6264994A1003D4020 /* AppDelegate.swift */,
				9C82F1E8264994A1003D4020 /* SceneDelegate.swift */,
				9C82F1EA264994A1003D4020 /* ViewController.swift */,
				9C82F1EC264994A1003D4020 /* Main.storyboard */,
				9C82F1EF264994A4003D4020 /* Assets.xcassets */,
				9C82F1F1264994A4003D4020 /* LaunchScreen.storyboard */,
				9C82F1F4264994A4003D4020 /* Info.plist */,
			);
			path = CameraApp;
			sourceTree = "<group>";
		};
		9C82F1FC264994A4003D4020 /* CameraAppTests */ = {
			isa = PBXGroup;
			children = (
				9C82F1FD264994A4003D4020 /* CameraAppTests.swift */,
				9C82F1FF264994A4003D4020 /* Info.plist */,
			);
			path = CameraAppTests;
			sourceTree = "<group>";
		};
		9C82F207264994A4003D4020 /* CameraAppUITests */ = {
			isa = PBXGroup;
			children = (
				9C82F208264994A4003D4020 /* CameraAppUITests.swift */,
				9C82F20A264994A4003D4020 /* Info.plist */,
			);
			path = CameraAppUITests;
			sourceTree = "<group>";
		};
/* End PBXGroup section */

/* Begin PBXNativeTarget section */
		9C82F1E2264994A1003D4020 /* CameraApp */ = {
			isa = PBXNativeTarget;
			buildConfigurationList = 9C82F20D264994A4003D4020 /* Build configuration list for PBXNativeTarget "CameraApp" */;
			buildPhases = (
				9C82F1DF264994A1003D4020 /* Sources */,
				9C82F1E0264994A1003D4020 /* Frameworks */,
				9C82F1E1264994A1003D4020 /* Resources */,
			);
			buildRules = (
			);
			dependencies = (
			);
			name = CameraApp;
			productName = CameraApp;
			productReference = 9C82F1E3264994A1003D4020 /* CameraApp.app */;
			productType = "com.apple.product-type.application";
		};
		9C82F1F8264994A4003D4020 /* CameraAppTests */ = {
			isa = PBXNativeTarget;
			buildConfigurationList = 9C82F210264994A4003D4020 /* Build configuration list for PBXNativeTarget "CameraAppTests" */;
			buildPhases = (
				9C82F1F5264994A4003D4020 /* Sources */,
				9C82F1F6264994A4003D4020 /* Frameworks */,
				9C82F1F7264994A4003D4020 /* Resources */,
			);
			buildRules = (
			);
			dependencies = (
				9C82F1FB264994A4003D4020 /* PBXTargetDependency */,
			);
			name = CameraAppTests;
			productName = CameraAppTests;
			productReference = 9C82F1F9264994A4003D4020 /* CameraAppTests.xctest */;
			productType = "com.apple.product-type.bundle.unit-test";
		};
		9C82F203264994A4003D4020 /* CameraAppUITests */ = {
			isa = PBXNativeTarget;
			buildConfigurationList = 9C82F213264994A4003D4020 /* Build configuration list for PBXNativeTarget "CameraAppUITests" */;
			buildPhases = (
				9C82F200264994A4003D4020 /* Sources */,
				9C82F201264994A4003D4020 /* Frameworks */,
				9C82F202264994A4003D4020 /* Resources */,
			);
			buildRules = (
			);
			dependencies = (
				9C82F206264994A4003D4020 /* PBXTargetDependency */,
			);
			name = CameraAppUITests;
			productName = CameraAppUITests;
			productReference = 9C82F204264994A4003D4020 /* CameraAppUITests.xctest */;
			productType = "com.apple.product-type.bundle.ui-testing";
		};
/* End PBXNativeTarget section */

/* Begin PBXProject section */
		9C82F1DB264994A1003D4020 /* Project object */ = {
			isa = PBXProject;
			attributes = {
				LastSwiftUpdateCheck = 1240;
				LastUpgradeCheck = 1240;
				TargetAttributes = {
					9C82F1E2264994A1003D4020 = {
						CreatedOnToolsVersion = 12.4;
					};
					9C82F1F8264994A4003D4020 = {
						CreatedOnToolsVersion = 12.4;
						TestTargetID = 9C82F1E2264994A1003D4020;
					};
					9C82F203264994A4003D4020 = {
						CreatedOnToolsVersion = 12.4;
						TestTargetID = 9C82F1E2264994A1003D4020;
					};
				};
			};
			buildConfigurationList = 9C82F1DE264994A1003D4020 /* Build configuration list for PBXProject "CameraApp" */;
			compatibilityVersion = "Xcode 9.3";
			developmentRegion = en;
			hasScannedForEncodings = 0;
			knownRegions = (
				en,
				Base,
			);
			mainGroup = 9C82F1DA264994A1003D4020;
			productRefGroup = 9C82F1E4264994A1003D4020 /* Products */;
			projectDirPath = "";
			projectRoot = "";
			targets = (
				9C82F1E2264994A1003D4020 /* CameraApp */,
				9C82F1F8264994A4003D4020 /* CameraAppTests */,
				9C82F203264994A4003D4020 /* CameraAppUITests */,
			);
		};
/* End PBXProject section */

/* Begin PBXResourcesBuildPhase section */
		9C82F1E1264994A1003D4020 /* Resources */ = {
			isa = PBXResourcesBuildPhase;
			buildActionMask = 2147483647;
			files = (
				9C82F1F3264994A4003D4020 /* LaunchScreen.storyboard in Resources */,
				9C82F1F0264994A4003D4020 /* Assets.xcassets in Resources */,
				9C82F1EE264994A1003D4020 /* Main.storyboard in Resources */,
			);
			runOnlyForDeploymentPostprocessing = 0;
		};
		9C82F1F7264994A4003D4020 /* Resources */ = {
			isa = PBXResourcesBuildPhase;
			buildActionMask = 2147483647;
			files = (
			);
			runOnlyForDeploymentPostprocessing = 0;
		};
		9C82F202264994A4003D4020 /* Resources */ = {
			isa = PBXResourcesBuildPhase;
			buildActionMask = 2147483647;
			files = (
			);
			runOnlyForDeploymentPostprocessing = 0;
		};
/* End PBXResourcesBuildPhase section */

/* Begin PBXSourcesBuildPhase section */
		9C82F1DF264994A1003D4020 /* Sources */ = {
			isa = PBXSourcesBuildPhase;
			buildActionMask = 2147483647;
			files = (
				9C82F1EB264994A1003D4020 /* ViewController.swift in Sources */,
				9C82F1E7264994A1003D4020 /* AppDelegate.swift in Sources */,
				9C82F1E9264994A1003D4020 /* SceneDelegate.swift in Sources */,
			);
			runOnlyForDeploymentPostprocessing = 0;
		};
		9C82F1F5264994A4003D4020 /* Sources */ = {
			isa = PBXSourcesBuildPhase;
			buildActionMask = 2147483647;
			files = (
				9C82F1FE264994A4003D4020 /* CameraAppTests.swift in Sources */,
			);
			runOnlyForDeploymentPostprocessing = 0;
		};
		9C82F200264994A4003D4020 /* Sources */ = {
			isa = PBXSourcesBuildPhase;
			buildActionMask = 2147483647;
			files = (
				9C82F209264994A4003D4020 /* CameraAppUITests.swift in Sources */,
			);
			runOnlyForDeploymentPostprocessing = 0;
		};
/* End PBXSourcesBuildPhase section */

/* Begin PBXTargetDependency section */
		9C82F1FB264994A4003D4020 /* PBXTargetDependency */ = {
			isa = PBXTargetDependency;
			target = 9C82F1E2264994A1003D4020 /* CameraApp */;
			targetProxy = 9C82F1FA264994A4003D4020 /* PBXContainerItemProxy */;
		};
		9C82F206264994A4003D4020 /* PBXTargetDependency */ = {
			isa = PBXTargetDependency;
			target = 9C82F1E2264994A1003D4020 /* CameraApp */;
			targetProxy = 9C82F205264994A4003D4020 /* PBXContainerItemProxy */;
		};
/* End PBXTargetDependency section */

/* Begin PBXVariantGroup section */
		9C82F1EC264994A1003D4020 /* Main.storyboard */ = {
			isa = PBXVariantGroup;
			children = (
				9C82F1ED264994A1003D4020 /* Base */,
			);
			name = Main.storyboard;
			sourceTree = "<group>";
		};
		9C82F1F1264994A4003D4020 /* LaunchScreen.storyboard */ = {
			isa = PBXVariantGroup;
			children = (
				9C82F1F2264994A4003D4020 /* Base */,
			);
			name = LaunchScreen.storyboard;
			sourceTree = "<group>";
		};
/* End PBXVariantGroup section */

/* Begin XCBuildConfiguration section */
		9C82F20B264994A4003D4020 /* Debug */ = {
			isa = XCBuildConfiguration;
			buildSettings = {
				ALWAYS_SEARCH_USER_PATHS = NO;
				CLANG_ANALYZER_NONNULL = YES;
				CLANG_ANALYZER_NUMBER_OBJECT_CONVERSION = YES_AGGRESSIVE;
				CLANG_CXX_LANGUAGE_STANDARD = "gnu++14";
				CLANG_CXX_LIBRARY = "libc++";
				CLANG_ENABLE_MODULES = YES;
				CLANG_ENABLE_OBJC_ARC = YES;
				CLANG_ENABLE_OBJC_WEAK = YES;
				CLANG_WARN_BLOCK_CAPTURE_AUTORELEASING = YES;
				CLANG_WARN_BOOL_CONVERSION = YES;
				CLANG_WARN_COMMA = YES;
				CLANG_WARN_CONSTANT_CONVERSION = YES;
				CLANG_WARN_DEPRECATED_OBJC_IMPLEMENTATIONS = YES;
				CLANG_WARN_DIRECT_OBJC_ISA_USAGE = YES_ERROR;
				CLANG_WARN_DOCUMENTATION_COMMENTS = YES;
				CLANG_WARN_EMPTY_BODY = YES;
				CLANG_WARN_ENUM_CONVERSION = YES;
				CLANG_WARN_INFINITE_RECURSION = YES;
				CLANG_WARN_INT_CONVERSION = YES;
				CLANG_WARN_NON_LITERAL_NULL_CONVERSION = YES;
				CLANG_WARN_OBJC_IMPLICIT_RETAIN_SELF = YES;
				CLANG_WARN_OBJC_LITERAL_CONVERSION = YES;
				CLANG_WARN_OBJC_ROOT_CLASS = YES_ERROR;
				CLANG_WARN_QUOTED_INCLUDE_IN_FRAMEWORK_HEADER = YES;
				CLANG_WARN_RANGE_LOOP_ANALYSIS = YES;
				CLANG_WARN_STRICT_PROTOTYPES = YES;
				CLANG_WARN_SUSPICIOUS_MOVE = YES;
				CLANG_WARN_UNGUARDED_AVAILABILITY = YES_AGGRESSIVE;
				CLANG_WARN_UNREACHABLE_CODE = YES;
				CLANG_WARN__DUPLICATE_METHOD_MATCH = YES;
				COPY_PHASE_STRIP = NO;
				DEBUG_INFORMATION_FORMAT = dwarf;
				ENABLE_STRICT_OBJC_MSGSEND = YES;
				ENABLE_TESTABILITY = YES;
				GCC_C_LANGUAGE_STANDARD = gnu11;
				GCC_DYNAMIC_NO_PIC = NO;
				GCC_NO_COMMON_BLOCKS = YES;
				GCC_OPTIMIZATION_LEVEL = 0;
				GCC_PREPROCESSOR_DEFINITIONS = (
					"DEBUG=1",
					"$(inherited)",
				);
				GCC_WARN_64_TO_32_BIT_CONVERSION = YES;
				GCC_WARN_ABOUT_RETURN_TYPE = YES_ERROR;
				GCC_WARN_UNDECLARED_SELECTOR = YES;
				GCC_WARN_UNINITIALIZED_AUTOS = YES_AGGRESSIVE;
				GCC_WARN_UNUSED_FUNCTION = YES;
				GCC_WARN_UNUSED_VARIABLE = YES;
				IPHONEOS_DEPLOYMENT_TARGET = 14.4;
				MTL_ENABLE_DEBUG_INFO = INCLUDE_SOURCE;
				MTL_FAST_MATH = YES;
				ONLY_ACTIVE_ARCH = YES;
				SDKROOT = iphoneos;
				SWIFT_ACTIVE_COMPILATION_CONDITIONS = DEBUG;
				SWIFT_OPTIMIZATION_LEVEL = "-Onone";
			};
			name = Debug;
		};
		9C82F20C264994A4003D4020 /* Release */ = {
			isa = XCBuildConfiguration;
			buildSettings = {
				ALWAYS_SEARCH_USER_PATHS = NO;
				CLANG_ANALYZER_NONNULL = YES;
				CLANG_ANALYZER_NUMBER_OBJECT_CONVERSION = YES_AGGRESSIVE;
				CLANG_CXX_LANGUAGE_STANDARD = "gnu++14";
				CLANG_CXX_LIBRARY = "libc++";
				CLANG_ENABLE_MODULES = YES;
				CLANG_ENABLE_OBJC_ARC = YES;
				CLANG_ENABLE_OBJC_WEAK = YES;
				CLANG_WARN_BLOCK_CAPTURE_AUTORELEASING = YES;
				CLANG_WARN_BOOL_CONVERSION = YES;
				CLANG_WARN_COMMA = YES;
				CLANG_WARN_CONSTANT_CONVERSION = YES;
				CLANG_WARN_DEPRECATED_OBJC_IMPLEMENTATIONS = YES;
				CLANG_WARN_DIRECT_OBJC_ISA_USAGE = YES_ERROR;
				CLANG_WARN_DOCUMENTATION_COMMENTS = YES;
				CLANG_WARN_EMPTY_BODY = YES;
				CLANG_WARN_ENUM_CONVERSION = YES;
				CLANG_WARN_INFINITE_RECURSION = YES;
				CLANG_WARN_INT_CONVERSION = YES;
				CLANG_WARN_NON_LITERAL_NULL_CONVERSION = YES;
				CLANG_WARN_OBJC_IMPLICIT_RETAIN_SELF = YES;
				CLANG_WARN_OBJC_LITERAL_CONVERSION = YES;
				CLANG_WARN_OBJC_ROOT_CLASS = YES_ERROR;
				CLANG_WARN_QUOTED_INCLUDE_IN_FRAMEWORK_HEADER = YES;
				CLANG_WARN_RANGE_LOOP_ANALYSIS = YES;
				CLANG_WARN_STRICT_PROTOTYPES = YES;
				CLANG_WARN_SUSPICIOUS_MOVE = YES;
				CLANG_WARN_UNGUARDED_AVAILABILITY = YES_AGGRESSIVE;
				CLANG_WARN_UNREACHABLE_CODE = YES;
				CLANG_WARN__DUPLICATE_METHOD_MATCH = YES;
				COPY_PHASE_STRIP = NO;
				DEBUG_INFORMATION_FORMAT = "dwarf-with-dsym";
				ENABLE_NS_ASSERTIONS = NO;
				ENABLE_STRICT_OBJC_MSGSEND = YES;
				GCC_C_LANGUAGE_STANDARD = gnu11;
				GCC_NO_COMMON_BLOCKS = YES;
				GCC_WARN_64_TO_32_BIT_CONVERSION = YES;
				GCC_WARN_ABOUT_RETURN_TYPE = YES_ERROR;
				GCC_WARN_UNDECLARED_SELECTOR = YES;
				GCC_WARN_UNINITIALIZED_AUTOS = YES_AGGRESSIVE;
				GCC_WARN_UNUSED_FUNCTION = YES;
				GCC_WARN_UNUSED_VARIABLE = YES;
				IPHONEOS_DEPLOYMENT_TARGET = 14.4;
				MTL_ENABLE_DEBUG_INFO = NO;
				MTL_FAST_MATH = YES;
				SDKROOT = iphoneos;
				SWIFT_COMPILATION_MODE = wholemodule;
				SWIFT_OPTIMIZATION_LEVEL = "-O";
				VALIDATE_PRODUCT = YES;
			};
			name = Release;
		};
		9C82F20E264994A4003D4020 /* Debug */ = {
			isa = XCBuildConfiguration;
			buildSettings = {
				ASSETCATALOG_COMPILER_APPICON_NAME = AppIcon;
				ASSETCATALOG_COMPILER_GLOBAL_ACCENT_COLOR_NAME = AccentColor;
				CODE_SIGN_STYLE = Automatic;
				DEVELOPMENT_TEAM = P4NM2R4T55;
				INFOPLIST_FILE = CameraApp/Info.plist;
				LD_RUNPATH_SEARCH_PATHS = (
					"$(inherited)",
					"@executable_path/Frameworks",
				);
				PRODUCT_BUNDLE_IDENTIFIER = com.xinlearning.CameraApp;
				PRODUCT_NAME = "$(TARGET_NAME)";
				SWIFT_VERSION = 5.0;
				TARGETED_DEVICE_FAMILY = "1,2";
			};
			name = Debug;
		};
		9C82F20F264994A4003D4020 /* Release */ = {
			isa = XCBuildConfiguration;
			buildSettings = {
				ASSETCATALOG_COMPILER_APPICON_NAME = AppIcon;
				ASSETCATALOG_COMPILER_GLOBAL_ACCENT_COLOR_NAME = AccentColor;
				CODE_SIGN_STYLE = Automatic;
				DEVELOPMENT_TEAM = P4NM2R4T55;
				INFOPLIST_FILE = CameraApp/Info.plist;
				LD_RUNPATH_SEARCH_PATHS = (
					"$(inherited)",
					"@executable_path/Frameworks",
				);
				PRODUCT_BUNDLE_IDENTIFIER = com.xinlearning.CameraApp;
				PRODUCT_NAME = "$(TARGET_NAME)";
				SWIFT_VERSION = 5.0;
				TARGETED_DEVICE_FAMILY = "1,2";
			};
			name = Release;
		};
		9C82F211264994A4003D4020 /* Debug */ = {
			isa = XCBuildConfiguration;
			buildSettings = {
				ALWAYS_EMBED_SWIFT_STANDARD_LIBRARIES = YES;
				BUNDLE_LOADER = "$(TEST_HOST)";
				CODE_SIGN_STYLE = Automatic;
				DEVELOPMENT_TEAM = P4NM2R4T55;
				INFOPLIST_FILE = CameraAppTests/Info.plist;
				IPHONEOS_DEPLOYMENT_TARGET = 14.4;
				LD_RUNPATH_SEARCH_PATHS = (
					"$(inherited)",
					"@executable_path/Frameworks",
					"@loader_path/Frameworks",
				);
				PRODUCT_BUNDLE_IDENTIFIER = com.xinlearning.CameraAppTests;
				PRODUCT_NAME = "$(TARGET_NAME)";
				SWIFT_VERSION = 5.0;
				TARGETED_DEVICE_FAMILY = "1,2";
				TEST_HOST = "$(BUILT_PRODUCTS_DIR)/CameraApp.app/CameraApp";
			};
			name = Debug;
		};
		9C82F212264994A4003D4020 /* Release */ = {
			isa = XCBuildConfiguration;
			buildSettings = {
				ALWAYS_EMBED_SWIFT_STANDARD_LIBRARIES = YES;
				BUNDLE_LOADER = "$(TEST_HOST)";
				CODE_SIGN_STYLE = Automatic;
				DEVELOPMENT_TEAM = P4NM2R4T55;
				INFOPLIST_FILE = CameraAppTests/Info.plist;
				IPHONEOS_DEPLOYMENT_TARGET = 14.4;
				LD_RUNPATH_SEARCH_PATHS = (
					"$(inherited)",
					"@executable_path/Frameworks",
					"@loader_path/Frameworks",
				);
				PRODUCT_BUNDLE_IDENTIFIER = com.xinlearning.CameraAppTests;
				PRODUCT_NAME = "$(TARGET_NAME)";
				SWIFT_VERSION = 5.0;
				TARGETED_DEVICE_FAMILY = "1,2";
				TEST_HOST = "$(BUILT_PRODUCTS_DIR)/CameraApp.app/CameraApp";
			};
			name = Release;
		};
		9C82F214264994A4003D4020 /* Debug */ = {
			isa = XCBuildConfiguration;
			buildSettings = {
				ALWAYS_EMBED_SWIFT_STANDARD_LIBRARIES = YES;
				CODE_SIGN_STYLE = Automatic;
				DEVELOPMENT_TEAM = P4NM2R4T55;
				INFOPLIST_FILE = CameraAppUITests/Info.plist;
				LD_RUNPATH_SEARCH_PATHS = (
					"$(inherited)",
					"@executable_path/Frameworks",
					"@loader_path/Frameworks",
				);
				PRODUCT_BUNDLE_IDENTIFIER = com.xinlearning.CameraAppUITests;
				PRODUCT_NAME = "$(TARGET_NAME)";
				SWIFT_VERSION = 5.0;
				TARGETED_DEVICE_FAMILY = "1,2";
				TEST_TARGET_NAME = CameraApp;
			};
			name = Debug;
		};
		9C82F215264994A4003D4020 /* Release */ = {
			isa = XCBuildConfiguration;
			buildSettings = {
				ALWAYS_EMBED_SWIFT_STANDARD_LIBRARIES = YES;
				CODE_SIGN_STYLE = Automatic;
				DEVELOPMENT_TEAM = P4NM2R4T55;
				INFOPLIST_FILE = CameraAppUITests/Info.plist;
				LD_RUNPATH_SEARCH_PATHS = (
					"$(inherited)",
					"@executable_path/Frameworks",
					"@loader_path/Frameworks",
				);
				PRODUCT_BUNDLE_IDENTIFIER = com.xinlearning.CameraAppUITests;
				PRODUCT_NAME = "$(TARGET_NAME)";
				SWIFT_VERSION = 5.0;
				TARGETED_DEVICE_FAMILY = "1,2";
				TEST_TARGET_NAME = CameraApp;
			};
			name = Release;
		};
/* End XCBuildConfiguration section */

/* Begin XCConfigurationList section */
		9C82F1DE264994A1003D4020 /* Build configuration list for PBXProject "CameraApp" */ = {
			isa = XCConfigurationList;
			buildConfigurations = (
				9C82F20B264994A4003D4020 /* Debug */,
				9C82F20C264994A4003D4020 /* Release */,
			);
			defaultConfigurationIsVisible = 0;
			defaultConfigurationName = Release;
		};
		9C82F20D264994A4003D4020 /* Build configuration list for PBXNativeTarget "CameraApp" */ = {
			isa = XCConfigurationList;
			buildConfigurations = (
				9C82F20E264994A4003D4020 /* Debug */,
				9C82F20F264994A4003D4020 /* Release */,
			);
			defaultConfigurationIsVisible = 0;
			defaultConfigurationName = Release;
		};
		9C82F210264994A4003D4020 /* Build configuration list for PBXNativeTarget "CameraAppTests" */ = {
			isa = XCConfigurationList;
			buildConfigurations = (
				9C82F211264994A4003D4020 /* Debug */,
				9C82F212264994A4003D4020 /* Release */,
			);
			defaultConfigurationIsVisible = 0;
			defaultConfigurationName = Release;
		};
		9C82F213264994A4003D4020 /* Build configuration list for PBXNativeTarget "CameraAppUITests" */ = {
			isa = XCConfigurationList;
			buildConfigurations = (
				9C82F214264994A4003D4020 /* Debug */,
				9C82F215264994A4003D4020 /* Release */,
			);
			defaultConfigurationIsVisible = 0;
			defaultConfigurationName = Release;
		};
/* End XCConfigurationList section */
	};
	rootObject = 9C82F1DB264994A1003D4020 /* Project object */;
}
